// !$*UTF8*$!
{
	archiveVersion = 1;
	classes = {
	};
	objectVersion = 50;
	objects = {

/* Begin PBXBuildFile section */
		8495B94622677E32008F8F8D /* AppDelegate.swift in Sources */ = {isa = PBXBuildFile; fileRef = 8495B94522677E32008F8F8D /* AppDelegate.swift */; };
		8495B94822677E32008F8F8D /* ViewController.swift in Sources */ = {isa = PBXBuildFile; fileRef = 8495B94722677E32008F8F8D /* ViewController.swift */; };
		8495B94B22677E32008F8F8D /* Main.storyboard in Resources */ = {isa = PBXBuildFile; fileRef = 8495B94922677E32008F8F8D /* Main.storyboard */; };
		8495B94D22677E34008F8F8D /* Assets.xcassets in Resources */ = {isa = PBXBuildFile; fileRef = 8495B94C22677E34008F8F8D /* Assets.xcassets */; };
		8495B95022677E34008F8F8D /* LaunchScreen.storyboard in Resources */ = {isa = PBXBuildFile; fileRef = 8495B94E22677E34008F8F8D /* LaunchScreen.storyboard */; };
		8495B95B22677E34008F8F8D /* Recipe_AppTests.swift in Sources */ = {isa = PBXBuildFile; fileRef = 8495B95A22677E34008F8F8D /* Recipe_AppTests.swift */; };
		8495B96622677E34008F8F8D /* Recipe_AppUITests.swift in Sources */ = {isa = PBXBuildFile; fileRef = 8495B96522677E34008F8F8D /* Recipe_AppUITests.swift */; };
		8495B974226782DF008F8F8D /* Recipe.swift in Sources */ = {isa = PBXBuildFile; fileRef = 8495B973226782DF008F8F8D /* Recipe.swift */; };
/* End PBXBuildFile section */

/* Begin PBXContainerItemProxy section */
		8495B95722677E34008F8F8D /* PBXContainerItemProxy */ = {
			isa = PBXContainerItemProxy;
			containerPortal = 8495B93A22677E32008F8F8D /* Project object */;
			proxyType = 1;
			remoteGlobalIDString = 8495B94122677E32008F8F8D;
			remoteInfo = Recipe_App;
		};
		8495B96222677E34008F8F8D /* PBXContainerItemProxy */ = {
			isa = PBXContainerItemProxy;
			containerPortal = 8495B93A22677E32008F8F8D /* Project object */;
			proxyType = 1;
			remoteGlobalIDString = 8495B94122677E32008F8F8D;
			remoteInfo = Recipe_App;
		};
/* End PBXContainerItemProxy section */

/* Begin PBXFileReference section */
		8495B94222677E32008F8F8D /* Recipe_App.app */ = {isa = PBXFileReference; explicitFileType = wrapper.application; includeInIndex = 0; path = Recipe_App.app; sourceTree = BUILT_PRODUCTS_DIR; };
		8495B94522677E32008F8F8D /* AppDelegate.swift */ = {isa = PBXFileReference; lastKnownFileType = sourcecode.swift; path = AppDelegate.swift; sourceTree = "<group>"; };
		8495B94722677E32008F8F8D /* ViewController.swift */ = {isa = PBXFileReference; lastKnownFileType = sourcecode.swift; path = ViewController.swift; sourceTree = "<group>"; };
		8495B94A22677E32008F8F8D /* Base */ = {isa = PBXFileReference; lastKnownFileType = file.storyboard; name = Base; path = Base.lproj/Main.storyboard; sourceTree = "<group>"; };
		8495B94C22677E34008F8F8D /* Assets.xcassets */ = {isa = PBXFileReference; lastKnownFileType = folder.assetcatalog; path = Assets.xcassets; sourceTree = "<group>"; };
		8495B94F22677E34008F8F8D /* Base */ = {isa = PBXFileReference; lastKnownFileType = file.storyboard; name = Base; path = Base.lproj/LaunchScreen.storyboard; sourceTree = "<group>"; };
		8495B95122677E34008F8F8D /* Info.plist */ = {isa = PBXFileReference; lastKnownFileType = text.plist.xml; path = Info.plist; sourceTree = "<group>"; };
		8495B95622677E34008F8F8D /* Recipe_AppTests.xctest */ = {isa = PBXFileReference; explicitFileType = wrapper.cfbundle; includeInIndex = 0; path = Recipe_AppTests.xctest; sourceTree = BUILT_PRODUCTS_DIR; };
		8495B95A22677E34008F8F8D /* Recipe_AppTests.swift */ = {isa = PBXFileReference; lastKnownFileType = sourcecode.swift; path = Recipe_AppTests.swift; sourceTree = "<group>"; };
		8495B95C22677E34008F8F8D /* Info.plist */ = {isa = PBXFileReference; lastKnownFileType = text.plist.xml; path = Info.plist; sourceTree = "<group>"; };
		8495B96122677E34008F8F8D /* Recipe_AppUITests.xctest */ = {isa = PBXFileReference; explicitFileType = wrapper.cfbundle; includeInIndex = 0; path = Recipe_AppUITests.xctest; sourceTree = BUILT_PRODUCTS_DIR; };
		8495B96522677E34008F8F8D /* Recipe_AppUITests.swift */ = {isa = PBXFileReference; lastKnownFileType = sourcecode.swift; path = Recipe_AppUITests.swift; sourceTree = "<group>"; };
		8495B96722677E34008F8F8D /* Info.plist */ = {isa = PBXFileReference; lastKnownFileType = text.plist.xml; path = Info.plist; sourceTree = "<group>"; };
		8495B973226782DF008F8F8D /* Recipe.swift */ = {isa = PBXFileReference; lastKnownFileType = sourcecode.swift; path = Recipe.swift; sourceTree = "<group>"; };
/* End PBXFileReference section */

/* Begin PBXFrameworksBuildPhase section */
		8495B93F22677E32008F8F8D /* Frameworks */ = {
			isa = PBXFrameworksBuildPhase;
			buildActionMask = 2147483647;
			files = (
			);
			runOnlyForDeploymentPostprocessing = 0;
		};
		8495B95322677E34008F8F8D /* Frameworks */ = {
			isa = PBXFrameworksBuildPhase;
			buildActionMask = 2147483647;
			files = (
			);
			runOnlyForDeploymentPostprocessing = 0;
		};
		8495B95E22677E34008F8F8D /* Frameworks */ = {
			isa = PBXFrameworksBuildPhase;
			buildActionMask = 2147483647;
			files = (
			);
			runOnlyForDeploymentPostprocessing = 0;
		};
/* End PBXFrameworksBuildPhase section */

/* Begin PBXGroup section */
		8495B93922677E32008F8F8D = {
			isa = PBXGroup;
			children = (
				8495B94422677E32008F8F8D /* Recipe_App */,
				8495B95922677E34008F8F8D /* Recipe_AppTests */,
				8495B96422677E34008F8F8D /* Recipe_AppUITests */,
				8495B94322677E32008F8F8D /* Products */,
			);
			sourceTree = "<group>";
		};
		8495B94322677E32008F8F8D /* Products */ = {
			isa = PBXGroup;
			children = (
				8495B94222677E32008F8F8D /* Recipe_App.app */,
				8495B95622677E34008F8F8D /* Recipe_AppTests.xctest */,
				8495B96122677E34008F8F8D /* Recipe_AppUITests.xctest */,
			);
			name = Products;
			sourceTree = "<group>";
		};
		8495B94422677E32008F8F8D /* Recipe_App */ = {
			isa = PBXGroup;
			children = (
				8495B94522677E32008F8F8D /* AppDelegate.swift */,
				8495B94722677E32008F8F8D /* ViewController.swift */,
				8495B973226782DF008F8F8D /* Recipe.swift */,
				8495B94922677E32008F8F8D /* Main.storyboard */,
				8495B94C22677E34008F8F8D /* Assets.xcassets */,
				8495B94E22677E34008F8F8D /* LaunchScreen.storyboard */,
				8495B95122677E34008F8F8D /* Info.plist */,
			);
			path = Recipe_App;
			sourceTree = "<group>";
		};
		8495B95922677E34008F8F8D /* Recipe_AppTests */ = {
			isa = PBXGroup;
			children = (
				8495B95A22677E34008F8F8D /* Recipe_AppTests.swift */,
				8495B95C22677E34008F8F8D /* Info.plist */,
			);
			path = Recipe_AppTests;
			sourceTree = "<group>";
		};
		8495B96422677E34008F8F8D /* Recipe_AppUITests */ = {
			isa = PBXGroup;
			children = (
				8495B96522677E34008F8F8D /* Recipe_AppUITests.swift */,
				8495B96722677E34008F8F8D /* Info.plist */,
			);
			path = Recipe_AppUITests;
			sourceTree = "<group>";
		};
/* End PBXGroup section */

/* Begin PBXNativeTarget section */
		8495B94122677E32008F8F8D /* Recipe_App */ = {
			isa = PBXNativeTarget;
			buildConfigurationList = 8495B96A22677E34008F8F8D /* Build configuration list for PBXNativeTarget "Recipe_App" */;
			buildPhases = (
				8495B93E22677E32008F8F8D /* Sources */,
				8495B93F22677E32008F8F8D /* Frameworks */,
				8495B94022677E32008F8F8D /* Resources */,
			);
			buildRules = (
			);
			dependencies = (
			);
			name = Recipe_App;
			productName = Recipe_App;
			productReference = 8495B94222677E32008F8F8D /* Recipe_App.app */;
			productType = "com.apple.product-type.application";
		};
		8495B95522677E34008F8F8D /* Recipe_AppTests */ = {
			isa = PBXNativeTarget;
			buildConfigurationList = 8495B96D22677E34008F8F8D /* Build configuration list for PBXNativeTarget "Recipe_AppTests" */;
			buildPhases = (
				8495B95222677E34008F8F8D /* Sources */,
				8495B95322677E34008F8F8D /* Frameworks */,
				8495B95422677E34008F8F8D /* Resources */,
			);
			buildRules = (
			);
			dependencies = (
				8495B95822677E34008F8F8D /* PBXTargetDependency */,
			);
			name = Recipe_AppTests;
			productName = Recipe_AppTests;
			productReference = 8495B95622677E34008F8F8D /* Recipe_AppTests.xctest */;
			productType = "com.apple.product-type.bundle.unit-test";
		};
		8495B96022677E34008F8F8D /* Recipe_AppUITests */ = {
			isa = PBXNativeTarget;
			buildConfigurationList = 8495B97022677E34008F8F8D /* Build configuration list for PBXNativeTarget "Recipe_AppUITests" */;
			buildPhases = (
				8495B95D22677E34008F8F8D /* Sources */,
				8495B95E22677E34008F8F8D /* Frameworks */,
				8495B95F22677E34008F8F8D /* Resources */,
			);
			buildRules = (
			);
			dependencies = (
				8495B96322677E34008F8F8D /* PBXTargetDependency */,
			);
			name = Recipe_AppUITests;
			productName = Recipe_AppUITests;
			productReference = 8495B96122677E34008F8F8D /* Recipe_AppUITests.xctest */;
			productType = "com.apple.product-type.bundle.ui-testing";
		};
/* End PBXNativeTarget section */

/* Begin PBXProject section */
		8495B93A22677E32008F8F8D /* Project object */ = {
			isa = PBXProject;
			attributes = {
				LastSwiftUpdateCheck = 1010;
				LastUpgradeCheck = 1010;
				ORGANIZATIONNAME = Sarannya;
				TargetAttributes = {
					8495B94122677E32008F8F8D = {
						CreatedOnToolsVersion = 10.1;
					};
					8495B95522677E34008F8F8D = {
						CreatedOnToolsVersion = 10.1;
						TestTargetID = 8495B94122677E32008F8F8D;
					};
					8495B96022677E34008F8F8D = {
						CreatedOnToolsVersion = 10.1;
						TestTargetID = 8495B94122677E32008F8F8D;
					};
				};
			};
			buildConfigurationList = 8495B93D22677E32008F8F8D /* Build configuration list for PBXProject "Recipe_App" */;
			compatibilityVersion = "Xcode 9.3";
			developmentRegion = en;
			hasScannedForEncodings = 0;
			knownRegions = (
				en,
				Base,
			);
			mainGroup = 8495B93922677E32008F8F8D;
			productRefGroup = 8495B94322677E32008F8F8D /* Products */;
			projectDirPath = "";
			projectRoot = "";
			targets = (
				8495B94122677E32008F8F8D /* Recipe_App */,
				8495B95522677E34008F8F8D /* Recipe_AppTests */,
				8495B96022677E34008F8F8D /* Recipe_AppUITests */,
			);
		};
/* End PBXProject section */

/* Begin PBXResourcesBuildPhase section */
		8495B94022677E32008F8F8D /* Resources */ = {
			isa = PBXResourcesBuildPhase;
			buildActionMask = 2147483647;
			files = (
				8495B95022677E34008F8F8D /* LaunchScreen.storyboard in Resources */,
				8495B94D22677E34008F8F8D /* Assets.xcassets in Resources */,
				8495B94B22677E32008F8F8D /* Main.storyboard in Resources */,
			);
			runOnlyForDeploymentPostprocessing = 0;
		};
		8495B95422677E34008F8F8D /* Resources */ = {
			isa = PBXResourcesBuildPhase;
			buildActionMask = 2147483647;
			files = (
			);
			runOnlyForDeploymentPostprocessing = 0;
		};
		8495B95F22677E34008F8F8D /* Resources */ = {
			isa = PBXResourcesBuildPhase;
			buildActionMask = 2147483647;
			files = (
			);
			runOnlyForDeploymentPostprocessing = 0;
		};
/* End PBXResourcesBuildPhase section */

/* Begin PBXSourcesBuildPhase section */
		8495B93E22677E32008F8F8D /* Sources */ = {
			isa = PBXSourcesBuildPhase;
			buildActionMask = 2147483647;
			files = (
				8495B974226782DF008F8F8D /* Recipe.swift in Sources */,
				8495B94822677E32008F8F8D /* ViewController.swift in Sources */,
				8495B94622677E32008F8F8D /* AppDelegate.swift in Sources */,
			);
			runOnlyForDeploymentPostprocessing = 0;
		};
		8495B95222677E34008F8F8D /* Sources */ = {
			isa = PBXSourcesBuildPhase;
			buildActionMask = 2147483647;
			files = (
				8495B95B22677E34008F8F8D /* Recipe_AppTests.swift in Sources */,
			);
			runOnlyForDeploymentPostprocessing = 0;
		};
		8495B95D22677E34008F8F8D /* Sources */ = {
			isa = PBXSourcesBuildPhase;
			buildActionMask = 2147483647;
			files = (
				8495B96622677E34008F8F8D /* Recipe_AppUITests.swift in Sources */,
			);
			runOnlyForDeploymentPostprocessing = 0;
		};
/* End PBXSourcesBuildPhase section */

/* Begin PBXTargetDependency section */
		8495B95822677E34008F8F8D /* PBXTargetDependency */ = {
			isa = PBXTargetDependency;
			target = 8495B94122677E32008F8F8D /* Recipe_App */;
			targetProxy = 8495B95722677E34008F8F8D /* PBXContainerItemProxy */;
		};
		8495B96322677E34008F8F8D /* PBXTargetDependency */ = {
			isa = PBXTargetDependency;
			target = 8495B94122677E32008F8F8D /* Recipe_App */;
			targetProxy = 8495B96222677E34008F8F8D /* PBXContainerItemProxy */;
		};
/* End PBXTargetDependency section */

/* Begin PBXVariantGroup section */
		8495B94922677E32008F8F8D /* Main.storyboard */ = {
			isa = PBXVariantGroup;
			children = (
				8495B94A22677E32008F8F8D /* Base */,
			);
			name = Main.storyboard;
			sourceTree = "<group>";
		};
		8495B94E22677E34008F8F8D /* LaunchScreen.storyboard */ = {
			isa = PBXVariantGroup;
			children = (
				8495B94F22677E34008F8F8D /* Base */,
			);
			name = LaunchScreen.storyboard;
			sourceTree = "<group>";
		};
/* End PBXVariantGroup section */

/* Begin XCBuildConfiguration section */
		8495B96822677E34008F8F8D /* Debug */ = {
			isa = XCBuildConfiguration;
			buildSettings = {
				ALWAYS_SEARCH_USER_PATHS = NO;
				CLANG_ANALYZER_NONNULL = YES;
				CLANG_ANALYZER_NUMBER_OBJECT_CONVERSION = YES_AGGRESSIVE;
				CLANG_CXX_LANGUAGE_STANDARD = "gnu++14";
				CLANG_CXX_LIBRARY = "libc++";
				CLANG_ENABLE_MODULES = YES;
				CLANG_ENABLE_OBJC_ARC = YES;
				CLANG_ENABLE_OBJC_WEAK = YES;
				CLANG_WARN_BLOCK_CAPTURE_AUTORELEASING = YES;
				CLANG_WARN_BOOL_CONVERSION = YES;
				CLANG_WARN_COMMA = YES;
				CLANG_WARN_CONSTANT_CONVERSION = YES;
				CLANG_WARN_DEPRECATED_OBJC_IMPLEMENTATIONS = YES;
				CLANG_WARN_DIRECT_OBJC_ISA_USAGE = YES_ERROR;
				CLANG_WARN_DOCUMENTATION_COMMENTS = YES;
				CLANG_WARN_EMPTY_BODY = YES;
				CLANG_WARN_ENUM_CONVERSION = YES;
				CLANG_WARN_INFINITE_RECURSION = YES;
				CLANG_WARN_INT_CONVERSION = YES;
				CLANG_WARN_NON_LITERAL_NULL_CONVERSION = YES;
				CLANG_WARN_OBJC_IMPLICIT_RETAIN_SELF = YES;
				CLANG_WARN_OBJC_LITERAL_CONVERSION = YES;
				CLANG_WARN_OBJC_ROOT_CLASS = YES_ERROR;
				CLANG_WARN_RANGE_LOOP_ANALYSIS = YES;
				CLANG_WARN_STRICT_PROTOTYPES = YES;
				CLANG_WARN_SUSPICIOUS_MOVE = YES;
				CLANG_WARN_UNGUARDED_AVAILABILITY = YES_AGGRESSIVE;
				CLANG_WARN_UNREACHABLE_CODE = YES;
				CLANG_WARN__DUPLICATE_METHOD_MATCH = YES;
				CODE_SIGN_IDENTITY = "iPhone Developer";
				COPY_PHASE_STRIP = NO;
				DEBUG_INFORMATION_FORMAT = dwarf;
				ENABLE_STRICT_OBJC_MSGSEND = YES;
				ENABLE_TESTABILITY = YES;
				GCC_C_LANGUAGE_STANDARD = gnu11;
				GCC_DYNAMIC_NO_PIC = NO;
				GCC_NO_COMMON_BLOCKS = YES;
				GCC_OPTIMIZATION_LEVEL = 0;
				GCC_PREPROCESSOR_DEFINITIONS = (
					"DEBUG=1",
					"$(inherited)",
				);
				GCC_WARN_64_TO_32_BIT_CONVERSION = YES;
				GCC_WARN_ABOUT_RETURN_TYPE = YES_ERROR;
				GCC_WARN_UNDECLARED_SELECTOR = YES;
				GCC_WARN_UNINITIALIZED_AUTOS = YES_AGGRESSIVE;
				GCC_WARN_UNUSED_FUNCTION = YES;
				GCC_WARN_UNUSED_VARIABLE = YES;
				IPHONEOS_DEPLOYMENT_TARGET = 12.1;
				MTL_ENABLE_DEBUG_INFO = INCLUDE_SOURCE;
				MTL_FAST_MATH = YES;
				ONLY_ACTIVE_ARCH = YES;
				SDKROOT = iphoneos;
				SWIFT_ACTIVE_COMPILATION_CONDITIONS = DEBUG;
				SWIFT_OPTIMIZATION_LEVEL = "-Onone";
			};
			name = Debug;
		};
		8495B96922677E34008F8F8D /* Release */ = {
			isa = XCBuildConfiguration;
			buildSettings = {
				ALWAYS_SEARCH_USER_PATHS = NO;
				CLANG_ANALYZER_NONNULL = YES;
				CLANG_ANALYZER_NUMBER_OBJECT_CONVERSION = YES_AGGRESSIVE;
				CLANG_CXX_LANGUAGE_STANDARD = "gnu++14";
				CLANG_CXX_LIBRARY = "libc++";
				CLANG_ENABLE_MODULES = YES;
				CLANG_ENABLE_OBJC_ARC = YES;
				CLANG_ENABLE_OBJC_WEAK = YES;
				CLANG_WARN_BLOCK_CAPTURE_AUTORELEASING = YES;
				CLANG_WARN_BOOL_CONVERSION = YES;
				CLANG_WARN_COMMA = YES;
				CLANG_WARN_CONSTANT_CONVERSION = YES;
				CLANG_WARN_DEPRECATED_OBJC_IMPLEMENTATIONS = YES;
				CLANG_WARN_DIRECT_OBJC_ISA_USAGE = YES_ERROR;
				CLANG_WARN_DOCUMENTATION_COMMENTS = YES;
				CLANG_WARN_EMPTY_BODY = YES;
				CLANG_WARN_ENUM_CONVERSION = YES;
				CLANG_WARN_INFINITE_RECURSION = YES;
				CLANG_WARN_INT_CONVERSION = YES;
				CLANG_WARN_NON_LITERAL_NULL_CONVERSION = YES;
				CLANG_WARN_OBJC_IMPLICIT_RETAIN_SELF = YES;
				CLANG_WARN_OBJC_LITERAL_CONVERSION = YES;
				CLANG_WARN_OBJC_ROOT_CLASS = YES_ERROR;
				CLANG_WARN_RANGE_LOOP_ANALYSIS = YES;
				CLANG_WARN_STRICT_PROTOTYPES = YES;
				CLANG_WARN_SUSPICIOUS_MOVE = YES;
				CLANG_WARN_UNGUARDED_AVAILABILITY = YES_AGGRESSIVE;
				CLANG_WARN_UNREACHABLE_CODE = YES;
				CLANG_WARN__DUPLICATE_METHOD_MATCH = YES;
				CODE_SIGN_IDENTITY = "iPhone Developer";
				COPY_PHASE_STRIP = NO;
				DEBUG_INFORMATION_FORMAT = "dwarf-with-dsym";
				ENABLE_NS_ASSERTIONS = NO;
				ENABLE_STRICT_OBJC_MSGSEND = YES;
				GCC_C_LANGUAGE_STANDARD = gnu11;
				GCC_NO_COMMON_BLOCKS = YES;
				GCC_WARN_64_TO_32_BIT_CONVERSION = YES;
				GCC_WARN_ABOUT_RETURN_TYPE = YES_ERROR;
				GCC_WARN_UNDECLARED_SELECTOR = YES;
				GCC_WARN_UNINITIALIZED_AUTOS = YES_AGGRESSIVE;
				GCC_WARN_UNUSED_FUNCTION = YES;
				GCC_WARN_UNUSED_VARIABLE = YES;
				IPHONEOS_DEPLOYMENT_TARGET = 12.1;
				MTL_ENABLE_DEBUG_INFO = NO;
				MTL_FAST_MATH = YES;
				SDKROOT = iphoneos;
				SWIFT_COMPILATION_MODE = wholemodule;
				SWIFT_OPTIMIZATION_LEVEL = "-O";
				VALIDATE_PRODUCT = YES;
			};
			name = Release;
		};
		8495B96B22677E34008F8F8D /* Debug */ = {
			isa = XCBuildConfiguration;
			buildSettings = {
				ASSETCATALOG_COMPILER_APPICON_NAME = AppIcon;
				CODE_SIGN_STYLE = Automatic;
				DEVELOPMENT_TEAM = JMSA4VXC3F;
				INFOPLIST_FILE = Recipe_App/Info.plist;
				LD_RUNPATH_SEARCH_PATHS = (
					"$(inherited)",
					"@executable_path/Frameworks",
				);
				PRODUCT_BUNDLE_IDENTIFIER = "com.sarannyasalim.Recipe-App";
				PRODUCT_NAME = "$(TARGET_NAME)";
				SWIFT_VERSION = 4.2;
				TARGETED_DEVICE_FAMILY = "1,2";
			};
			name = Debug;
		};
		8495B96C22677E34008F8F8D /* Release */ = {
			isa = XCBuildConfiguration;
			buildSettings = {
				ASSETCATALOG_COMPILER_APPICON_NAME = AppIcon;
				CODE_SIGN_STYLE = Automatic;
				DEVELOPMENT_TEAM = JMSA4VXC3F;
				INFOPLIST_FILE = Recipe_App/Info.plist;
				LD_RUNPATH_SEARCH_PATHS = (
					"$(inherited)",
					"@executable_path/Frameworks",
				);
				PRODUCT_BUNDLE_IDENTIFIER = "com.sarannyasalim.Recipe-App";
				PRODUCT_NAME = "$(TARGET_NAME)";
				SWIFT_VERSION = 4.2;
				TARGETED_DEVICE_FAMILY = "1,2";
			};
			name = Release;
		};
		8495B96E22677E34008F8F8D /* Debug */ = {
			isa = XCBuildConfiguration;
			buildSettings = {
				ALWAYS_EMBED_SWIFT_STANDARD_LIBRARIES = YES;
				BUNDLE_LOADER = "$(TEST_HOST)";
				CODE_SIGN_STYLE = Automatic;
				DEVELOPMENT_TEAM = JMSA4VXC3F;
				INFOPLIST_FILE = Recipe_AppTests/Info.plist;
				LD_RUNPATH_SEARCH_PATHS = (
					"$(inherited)",
					"@executable_path/Frameworks",
					"@loader_path/Frameworks",
				);
				PRODUCT_BUNDLE_IDENTIFIER = "com.sarannyasalim.Recipe-AppTests";
				PRODUCT_NAME = "$(TARGET_NAME)";
				SWIFT_VERSION = 4.2;
				TARGETED_DEVICE_FAMILY = "1,2";
				TEST_HOST = "$(BUILT_PRODUCTS_DIR)/Recipe_App.app/Recipe_App";
			};
			name = Debug;
		};
		8495B96F22677E34008F8F8D /* Release */ = {
			isa = XCBuildConfiguration;
			buildSettings = {
				ALWAYS_EMBED_SWIFT_STANDARD_LIBRARIES = YES;
				BUNDLE_LOADER = "$(TEST_HOST)";
				CODE_SIGN_STYLE = Automatic;
				DEVELOPMENT_TEAM = JMSA4VXC3F;
				INFOPLIST_FILE = Recipe_AppTests/Info.plist;
				LD_RUNPATH_SEARCH_PATHS = (
					"$(inherited)",
					"@executable_path/Frameworks",
					"@loader_path/Frameworks",
				);
				PRODUCT_BUNDLE_IDENTIFIER = "com.sarannyasalim.Recipe-AppTests";
				PRODUCT_NAME = "$(TARGET_NAME)";
				SWIFT_VERSION = 4.2;
				TARGETED_DEVICE_FAMILY = "1,2";
				TEST_HOST = "$(BUILT_PRODUCTS_DIR)/Recipe_App.app/Recipe_App";
			};
			name = Release;
		};
		8495B97122677E34008F8F8D /* Debug */ = {
			isa = XCBuildConfiguration;
			buildSettings = {
				ALWAYS_EMBED_SWIFT_STANDARD_LIBRARIES = YES;
				CODE_SIGN_STYLE = Automatic;
				DEVELOPMENT_TEAM = JMSA4VXC3F;
				INFOPLIST_FILE = Recipe_AppUITests/Info.plist;
				LD_RUNPATH_SEARCH_PATHS = (
					"$(inherited)",
					"@executable_path/Frameworks",
					"@loader_path/Frameworks",
				);
				PRODUCT_BUNDLE_IDENTIFIER = "com.sarannyasalim.Recipe-AppUITests";
				PRODUCT_NAME = "$(TARGET_NAME)";
				SWIFT_VERSION = 4.2;
				TARGETED_DEVICE_FAMILY = "1,2";
				TEST_TARGET_NAME = Recipe_App;
			};
			name = Debug;
		};
		8495B97222677E34008F8F8D /* Release */ = {
			isa = XCBuildConfiguration;
			buildSettings = {
				ALWAYS_EMBED_SWIFT_STANDARD_LIBRARIES = YES;
				CODE_SIGN_STYLE = Automatic;
				DEVELOPMENT_TEAM = JMSA4VXC3F;
				INFOPLIST_FILE = Recipe_AppUITests/Info.plist;
				LD_RUNPATH_SEARCH_PATHS = (
					"$(inherited)",
					"@executable_path/Frameworks",
					"@loader_path/Frameworks",
				);
				PRODUCT_BUNDLE_IDENTIFIER = "com.sarannyasalim.Recipe-AppUITests";
				PRODUCT_NAME = "$(TARGET_NAME)";
				SWIFT_VERSION = 4.2;
				TARGETED_DEVICE_FAMILY = "1,2";
				TEST_TARGET_NAME = Recipe_App;
			};
			name = Release;
		};
/* End XCBuildConfiguration section */

/* Begin XCConfigurationList section */
		8495B93D22677E32008F8F8D /* Build configuration list for PBXProject "Recipe_App" */ = {
			isa = XCConfigurationList;
			buildConfigurations = (
				8495B96822677E34008F8F8D /* Debug */,
				8495B96922677E34008F8F8D /* Release */,
			);
			defaultConfigurationIsVisible = 0;
			defaultConfigurationName = Release;
		};
		8495B96A22677E34008F8F8D /* Build configuration list for PBXNativeTarget "Recipe_App" */ = {
			isa = XCConfigurationList;
			buildConfigurations = (
				8495B96B22677E34008F8F8D /* Debug */,
				8495B96C22677E34008F8F8D /* Release */,
			);
			defaultConfigurationIsVisible = 0;
			defaultConfigurationName = Release;
		};
		8495B96D22677E34008F8F8D /* Build configuration list for PBXNativeTarget "Recipe_AppTests" */ = {
			isa = XCConfigurationList;
			buildConfigurations = (
				8495B96E22677E34008F8F8D /* Debug */,
				8495B96F22677E34008F8F8D /* Release */,
			);
			defaultConfigurationIsVisible = 0;
			defaultConfigurationName = Release;
		};
		8495B97022677E34008F8F8D /* Build configuration list for PBXNativeTarget "Recipe_AppUITests" */ = {
			isa = XCConfigurationList;
			buildConfigurations = (
				8495B97122677E34008F8F8D /* Debug */,
				8495B97222677E34008F8F8D /* Release */,
			);
			defaultConfigurationIsVisible = 0;
			defaultConfigurationName = Release;
		};
/* End XCConfigurationList section */
	};
	rootObject = 8495B93A22677E32008F8F8D /* Project object */;
}
